
Microsoft Visual Studio Solution File, Format Version 12.00
# Visual Studio 15
VisualStudioVersion = 15.0.28307.902
MinimumVisualStudioVersion = 10.0.40219.1
Project("{9A19103F-16F7-4668-BE54-9A1E7A4F7556}") = "Pipelinie", "Pipelinie\Pipelinie.csproj", "{677D66E3-0E44-4AAC-9DE8-A64516C0B146}"
EndProject
Project("{9A19103F-16F7-4668-BE54-9A1E7A4F7556}") = "Pipelinie.Tests", "Pipelinie.Tests\Pipelinie.Tests.csproj", "{7EA9F16A-1A24-4AA6-A556-C54187B24BC2}"
EndProject
Global
	GlobalSection(SolutionConfigurationPlatforms) = preSolution
		Debug|Any CPU = Debug|Any CPU
		Release|Any CPU = Release|Any CPU
	EndGlobalSection
	GlobalSection(ProjectConfigurationPlatforms) = postSolution
		{677D66E3-0E44-4AAC-9DE8-A64516C0B146}.Debug|Any CPU.ActiveCfg = Debug|Any CPU
		{677D66E3-0E44-4AAC-9DE8-A64516C0B146}.Debug|Any CPU.Build.0 = Debug|Any CPU
		{677D66E3-0E44-4AAC-9DE8-A64516C0B146}.Release|Any CPU.ActiveCfg = Release|Any CPU
		{677D66E3-0E44-4AAC-9DE8-A64516C0B146}.Release|Any CPU.Build.0 = Release|Any CPU
		{7EA9F16A-1A24-4AA6-A556-C54187B24BC2}.Debug|Any CPU.ActiveCfg = Debug|Any CPU
		{7EA9F16A-1A24-4AA6-A556-C54187B24BC2}.Debug|Any CPU.Build.0 = Debug|Any CPU
		{7EA9F16A-1A24-4AA6-A556-C54187B24BC2}.Release|Any CPU.ActiveCfg = Release|Any CPU
		{7EA9F16A-1A24-4AA6-A556-C54187B24BC2}.Release|Any CPU.Build.0 = Release|Any CPU
	EndGlobalSection
	GlobalSection(SolutionProperties) = preSolution
		HideSolutionNode = FALSE
	EndGlobalSection
	GlobalSection(ExtensibilityGlobals) = postSolution
		SolutionGuid = {DC0DF617-87E1-46DD-9B7C-F01F421F4EB3}
	EndGlobalSection
EndGlobal
